
Microsoft Visual Studio Solution File, Format Version 12.00
# Visual Studio Version 16
VisualStudioVersion = 16.0.30105.148
MinimumVisualStudioVersion = 10.0.40219.1
Project("{8BC9CEB8-8B4A-11D0-8D11-00A0C91BC942}") = "SandBox", "SandBox\SandBox.vcxproj", "{944643CF-6581-4338-832C-6AE3F57EFC60}"
EndProject
Global
	GlobalSection(SolutionConfigurationPlatforms) = preSolution
		Debug|x64 = Debug|x64
		Debug|x86 = Debug|x86
		Release|x64 = Release|x64
		Release|x86 = Release|x86
	EndGlobalSection
	GlobalSection(ProjectConfigurationPlatforms) = postSolution
		{944643CF-6581-4338-832C-6AE3F57EFC60}.Debug|x64.ActiveCfg = Debug|x64
		{944643CF-6581-4338-832C-6AE3F57EFC60}.Debug|x64.Build.0 = Debug|x64
		{944643CF-6581-4338-832C-6AE3F57EFC60}.Debug|x86.ActiveCfg = Debug|Win32
		{944643CF-6581-4338-832C-6AE3F57EFC60}.Debug|x86.Build.0 = Debug|Win32
		{944643CF-6581-4338-832C-6AE3F57EFC60}.Release|x64.ActiveCfg = Release|x64
		{944643CF-6581-4338-832C-6AE3F57EFC60}.Release|x64.Build.0 = Release|x64
		{944643CF-6581-4338-832C-6AE3F57EFC60}.Release|x86.ActiveCfg = Release|Win32
		{944643CF-6581-4338-832C-6AE3F57EFC60}.Release|x86.Build.0 = Release|Win32
	EndGlobalSection
	GlobalSection(SolutionProperties) = preSolution
		HideSolutionNode = FALSE
	EndGlobalSection
	GlobalSection(ExtensibilityGlobals) = postSolution
		SolutionGuid = {54FAC36F-FDE3-4484-99DB-4F160701F2A5}
	EndGlobalSection
EndGlobal
